{
  "lockfile_version": "1",
  "packages": {
    "ffmpeg@latest": {
      "last_modified": "2026-03-23T13:48:00Z",
      "resolved": "github:NixOS/nixpkgs/fdc7b8f7b30fdbedec91b71ed82f36e1637483ed#ffmpeg",
      "source": "devbox-search",
      "version": "8.0.1",
      "systems": {
        "aarch64-darwin": {
          "outputs": [
            {
              "name": "bin",
              "path": "/nix/store/nsrc95cdywj31amg8pz6ncbsn9y5a0a6-ffmpeg-8.0.1-bin",
              "default": true
            },
            {
              "name": "man",
              "path": "/nix/store/b8s2fdcl7v8q2d1lvwyl5d38qn726pby-ffmpeg-8.0.1-man",
              "default": true
            },
            {
              "name": "doc",
              "path": "/nix/store/jd7013hazfgv2i9q2957azd73i959xbn-ffmpeg-8.0.1-doc"
            },
            {
              "name": "lib",
              "path": "/nix/store/4vq5lpfbxx3bw1nby6ysp52a53w54vwc-ffmpeg-8.0.1-lib"
            },
            {
              "name": "out",
              "path": "/nix/store/prcscggamlh9ib54bagkwk4nvqa2b801-ffmpeg-8.0.1"
            },
            {
              "name": "data",
              "path": "/nix/store/kxayggvikh2y3rrwx14kx6ydjv8j1y8r-ffmpeg-8.0.1-data"
            },
            {
              "name": "dev",
              "path": "/nix/store/nccg4flnm4ck4nyclwwgnv37rb9p3vqk-ffmpeg-8.0.1-dev"
            }
          ],
          "store_path": "/nix/store/nsrc95cdywj31amg8pz6ncbsn9y5a0a6-ffmpeg-8.0.1-bin"
        },
        "aarch64-linux": {
          "outputs": [
            {
              "name": "bin",
              "path": "/nix/store/cfidmdqn0b8njnhp00ar9f3klh9n516h-ffmpeg-8.0.1-bin",
              "default": true
            },
            {
              "name": "man",
              "path": "/nix/store/x9nxg972p37lhilrwpc58lbjp2zw67hk-ffmpeg-8.0.1-man",
              "default": true
            },
            {
              "name": "data",
              "path": "/nix/store/a9h3spnn0w9fcsyi4rls1fscirfbd68f-ffmpeg-8.0.1-data"
            },
            {
              "name": "dev",
              "path": "/nix/store/5m22hk5rl79bfw74jr4di4rhqwbp1lbv-ffmpeg-8.0.1-dev"
            },
            {
              "name": "doc",
              "path": "/nix/store/gl6dfyw8yf33yvgzs8nq207qlgznik4j-ffmpeg-8.0.1-doc"
            },
            {
              "name": "lib",
              "path": "/nix/store/4mlvyymj0g5wrhr40p1byj6vrkylvc3z-ffmpeg-8.0.1-lib"
            },
            {
              "name": "out",
              "path": "/nix/store/mmzihckgasjk526m6iky9x1gw106q5sd-ffmpeg-8.0.1"
            }
          ],
          "store_path": "/nix/store/cfidmdqn0b8njnhp00ar9f3klh9n516h-ffmpeg-8.0.1-bin"
        },
        "x86_64-darwin": {
          "outputs": [
            {
              "name": "bin",
              "path": "/nix/store/5lphrad9wf19vnma329q8pyzhmjx55by-ffmpeg-8.0.1-bin",
              "default": true
            },
            {
              "name": "man",
              "path": "/nix/store/q85mfmq7nqkzzyc9bsfq9lm8f3665356-ffmpeg-8.0.1-man",
              "default": true
            },
            {
              "name": "dev",
              "path": "/nix/store/hyfb4v84bjwgcd2wpyxblj8xgq4j3xrb-ffmpeg-8.0.1-dev"
            },
            {
              "name": "doc",
              "path": "/nix/store/cqcd0rf75hqg08mxr9w1hgcbxwn9c45h-ffmpeg-8.0.1-doc"
            },
            {
              "name": "lib",
              "path": "/nix/store/b9wnnii7nw4qz4szr3ad9cg4jx2vjq7y-ffmpeg-8.0.1-lib"
            },
            {
              "name": "out",
              "path": "/nix/store/w49594rbncqhbrzq82jsqsvcl63bzq4y-ffmpeg-8.0.1"
            },
            {
              "name": "data",
              "path": "/nix/store/6z3qklkxla707fci6lqfpj28a5nsq0p5-ffmpeg-8.0.1-data"
            }
          ],
          "store_path": "/nix/store/5lphrad9wf19vnma329q8pyzhmjx55by-ffmpeg-8.0.1-bin"
        },
        "x86_64-linux": {
          "outputs": [
            {
              "name": "bin",
              "path": "/nix/store/7dbsj28w2vc1p8yzxc94p9sssjqiibb7-ffmpeg-8.0.1-bin",
              "default": true
            },
            {
              "name": "man",
              "path": "/nix/store/x82vmii8fbjll3zqbb43v45nzrrfxk6x-ffmpeg-8.0.1-man",
              "default": true
            },
            {
              "name": "data",
              "path": "/nix/store/ykdiwss85gcm7vqxn3psj71nrdwfvjrp-ffmpeg-8.0.1-data"
            },
            {
              "name": "dev",
              "path": "/nix/store/p5bdrhikr36n6m2nhrjcz0xkn2kxxwc2-ffmpeg-8.0.1-dev"
            },
            {
              "name": "doc",
              "path": "/nix/store/s1bmrsx71z9zc4yxikvwmrr0dzb3r3k7-ffmpeg-8.0.1-doc"
            },
            {
              "name": "lib",
              "path": "/nix/store/j507qzifp08gajnqrhgnkl1g2v0hi1pd-ffmpeg-8.0.1-lib"
            },
            {
              "name": "out",
              "path": "/nix/store/8v29f4j21jwa2scxq8wip91w8m3fnp4i-ffmpeg-8.0.1"
            }
          ],
          "store_path": "/nix/store/7dbsj28w2vc1p8yzxc94p9sssjqiibb7-ffmpeg-8.0.1-bin"
        }
      }
    },
    "github:NixOS/nixpkgs/nixpkgs-unstable": {
      "last_modified": "2026-03-04T00:49:39Z",
      "resolved": "github:NixOS/nixpkgs/0fd2db475afdde93c9e4b1625aafb8eb41b99807?lastModified=1772585379"
    },
    "lefthook@latest": {
      "last_modified": "2026-03-21T07:29:51Z",
      "resolved": "github:NixOS/nixpkgs/09061f748ee21f68a089cd5d91ec1859cd93d0be#lefthook",
      "source": "devbox-search",
      "version": "2.1.1",
      "systems": {
        "aarch64-darwin": {
          "outputs": [
            {
              "name": "out",
              "path": "/nix/store/8rc12w59ip5rzggj20zfj9d6l6c8i39i-lefthook-2.1.1",
              "default": true
            }
          ],
          "store_path": "/nix/store/8rc12w59ip5rzggj20zfj9d6l6c8i39i-lefthook-2.1.1"
        },
        "aarch64-linux": {
          "outputs": [
            {
              "name": "out",
              "path": "/nix/store/s6g38i3r4p7sn0i7sywp5jbgr46v9nas-lefthook-2.1.1",
              "default": true
            }
          ],
          "store_path": "/nix/store/s6g38i3r4p7sn0i7sywp5jbgr46v9nas-lefthook-2.1.1"
        },
        "x86_64-darwin": {
          "outputs": [
            {
              "name": "out",
              "path": "/nix/store/ccwd34j43y7iqar0w9nnsxcajyxa0a76-lefthook-2.1.1",
              "default": true
            }
          ],
          "store_path": "/nix/store/ccwd34j43y7iqar0w9nnsxcajyxa0a76-lefthook-2.1.1"
        },
        "x86_64-linux": {
          "outputs": [
            {
              "name": "out",
              "path": "/nix/store/f893jf3x0qyxn7mcagb3hipvhxawbds7-lefthook-2.1.1",
              "default": true
            }
          ],
          "store_path": "/nix/store/f893jf3x0qyxn7mcagb3hipvhxawbds7-lefthook-2.1.1"
        }
      }
    },
    "openssl@latest": {
      "last_modified": "2025-12-05T06:24:47Z",
      "resolved": "github:NixOS/nixpkgs/42e29df35be6ef54091d3a3b4e97056ce0a98ce8#openssl",
      "source": "devbox-search",
      "version": "3.6.0",
      "systems": {
        "aarch64-darwin": {
          "outputs": [
            {
              "name": "bin",
              "path": "/nix/store/z9prisxci5h5lsk3rdknd4jzq7k9q13d-openssl-3.6.0-bin",
              "default": true
            },
            {
              "name": "man",
              "path": "/nix/store/ii9mnzr3i92mgk9dkgg65739mavd0j6f-openssl-3.6.0-man",
              "default": true
            },
            {
              "name": "dev",
              "path": "/nix/store/h0qgqik0mk0wn7rmm2kk3grfi1wzly74-openssl-3.6.0-dev"
            },
            {
              "name": "doc",
              "path": "/nix/store/yx3ip21fdaaxpjn5fbir02mqnaw9cm4f-openssl-3.6.0-doc"
            },
            {
              "name": "out",
              "path": "/nix/store/3z54dgks2mz3dhwddj158sdibll8xmq5-openssl-3.6.0"
            }
          ],
          "store_path": "/nix/store/z9prisxci5h5lsk3rdknd4jzq7k9q13d-openssl-3.6.0-bin"
        },
        "aarch64-linux": {
          "outputs": [
            {
              "name": "bin",
              "path": "/nix/store/wb6q44n9kcb5acmaa4rgqsajadx1fhhl-openssl-3.6.0-bin",
              "default": true
            },
            {
              "name": "man",
              "path": "/nix/store/c9n1alb7ypzjvzd47m16fiwfczz23qs3-openssl-3.6.0-man",
              "default": true
            },
            {
              "name": "debug",
              "path": "/nix/store/ci6d4k1sj4bnr892lsrqqmjiihqsk0bl-openssl-3.6.0-debug"
            },
            {
              "name": "dev",
              "path": "/nix/store/pq8b7fb3282g68pmk14mbyi20qn6chid-openssl-3.6.0-dev"
            },
            {
              "name": "doc",
              "path": "/nix/store/vaplp6w56dyz38986bgkf0pbg3r486b2-openssl-3.6.0-doc"
            },
            {
              "name": "out",
              "path": "/nix/store/nj50gkyx813dxvfmsg1q8m330hmf3h86-openssl-3.6.0"
            }
          ],
          "store_path": "/nix/store/wb6q44n9kcb5acmaa4rgqsajadx1fhhl-openssl-3.6.0-bin"
        },
        "x86_64-darwin": {
          "outputs": [
            {
              "name": "bin",
              "path": "/nix/store/m3xwn9n0jypwjgi256idfzs979g30j29-openssl-3.6.0-bin",
              "default": true
            },
            {
              "name": "man",
              "path": "/nix/store/hw43f3y1vl7ydrd4samnwnrwqqwkpisv-openssl-3.6.0-man",
              "default": true
            },
            {
              "name": "dev",
              "path": "/nix/store/dirjrfjk8jgsbdpslgb51cav6qaxn2vm-openssl-3.6.0-dev"
            },
            {
              "name": "doc",
              "path": "/nix/store/va1zhkz0nfmycvd0h239hi4w40qgaxcx-openssl-3.6.0-doc"
            },
            {
              "name": "out",
              "path": "/nix/store/q9a4wssx24xsy28w8kifdqizc01fh7sc-openssl-3.6.0"
            }
          ],
          "store_path": "/nix/store/m3xwn9n0jypwjgi256idfzs979g30j29-openssl-3.6.0-bin"
        },
        "x86_64-linux": {
          "outputs": [
            {
              "name": "bin",
              "path": "/nix/store/k0gl1zc7f5hk87lylxwbipb0b870bcmk-openssl-3.6.0-bin",
              "default": true
            },
            {
              "name": "man",
              "path": "/nix/store/a9jdl6xq9fc98ykpvqmc9kf0b0j9y8wh-openssl-3.6.0-man",
              "default": true
            },
            {
              "name": "debug",
              "path": "/nix/store/sqv8kbdgfxlr2d6nysr8c2715qpsi6f5-openssl-3.6.0-debug"
            },
            {
              "name": "dev",
              "path": "/nix/store/ydrckgnllgg8nmhdwni81h7xhcpnrlhd-openssl-3.6.0-dev"
            },
            {
              "name": "doc",
              "path": "/nix/store/cgp9ig35iwicfb9spcrgyg2m5dmlcgrv-openssl-3.6.0-doc"
            },
            {
              "name": "out",
              "path": "/nix/store/61i74yjkj9p1qphfl7018ja4sdwkipx0-openssl-3.6.0"
            }
          ],
          "store_path": "/nix/store/k0gl1zc7f5hk87lylxwbipb0b870bcmk-openssl-3.6.0-bin"
        }
      }
    },
    "pkg-config@latest": {
      "last_modified": "2025-11-23T21:50:36Z",
      "resolved": "github:NixOS/nixpkgs/ee09932cedcef15aaf476f9343d1dea2cb77e261#pkg-config",
      "source": "devbox-search",
      "version": "0.29.2",
      "systems": {
        "aarch64-darwin": {
          "outputs": [
            {
              "name": "out",
              "path": "/nix/store/hygaaqwk9ylklp0ybwppqhw75nz8ya41-pkg-config-wrapper-0.29.2",
              "default": true
            },
            {
              "name": "man",
              "path": "/nix/store/9px0sji43x3r2w4zxl3j3idwsql7lwxx-pkg-config-wrapper-0.29.2-man",
              "default": true
            },
            {
              "name": "doc",
              "path": "/nix/store/hqk44ra6qxw7iixardl6c3hdgb9kq6ns-pkg-config-wrapper-0.29.2-doc"
            }
          ],
          "store_path": "/nix/store/hygaaqwk9ylklp0ybwppqhw75nz8ya41-pkg-config-wrapper-0.29.2"
        },
        "aarch64-linux": {
          "outputs": [
            {
              "name": "out",
              "path": "/nix/store/lbiigi8qbp7mzf1lpr7p982l1kyf01ql-pkg-config-wrapper-0.29.2",
              "default": true
            },
            {
              "name": "man",
              "path": "/nix/store/10060k24qggqyzlwdsfmni9y32zxcg0j-pkg-config-wrapper-0.29.2-man",
              "default": true
            },
            {
              "name": "doc",
              "path": "/nix/store/0y4v51ndpyvkj09hwlfqkz0c3h17zfmc-pkg-config-wrapper-0.29.2-doc"
            }
          ],
          "store_path": "/nix/store/lbiigi8qbp7mzf1lpr7p982l1kyf01ql-pkg-config-wrapper-0.29.2"
        },
        "x86_64-darwin": {
          "outputs": [
            {
              "name": "out",
              "path": "/nix/store/vknadizq0q5kffvx6y4379p9gdry9zq3-pkg-config-wrapper-0.29.2",
              "default": true
            },
            {
              "name": "man",
              "path": "/nix/store/1nyspra675q22gfhf7hn2nmfpi6rgim5-pkg-config-wrapper-0.29.2-man",
              "default": true
            },
            {
              "name": "doc",
              "path": "/nix/store/7lq1axxwrafwljs06n88bzyz9w523rkc-pkg-config-wrapper-0.29.2-doc"
            }
          ],
          "store_path": "/nix/store/vknadizq0q5kffvx6y4379p9gdry9zq3-pkg-config-wrapper-0.29.2"
        },
        "x86_64-linux": {
          "outputs": [
            {
              "name": "out",
              "path": "/nix/store/8vdiwpbh0g4avsd6x5v4s0di32vcl3dp-pkg-config-wrapper-0.29.2",
              "default": true
            },
            {
              "name": "man",
              "path": "/nix/store/j9xfpnrygg3v37svc5pfin9q5bm49r94-pkg-config-wrapper-0.29.2-man",
              "default": true
            },
            {
              "name": "doc",
              "path": "/nix/store/x3bypxdxaq20kykybhkf21x4jczsiy8y-pkg-config-wrapper-0.29.2-doc"
            }
          ],
          "store_path": "/nix/store/8vdiwpbh0g4avsd6x5v4s0di32vcl3dp-pkg-config-wrapper-0.29.2"
        }
      }
    },
    "rustup@latest": {
      "last_modified": "2026-03-21T07:29:51Z",
      "plugin_version": "0.0.1",
      "resolved": "github:NixOS/nixpkgs/09061f748ee21f68a089cd5d91ec1859cd93d0be#rustup",
      "source": "devbox-search",
      "version": "1.28.2",
      "systems": {
        "aarch64-darwin": {
          "outputs": [
            {
              "name": "out",
              "path": "/nix/store/z151hcfq4djwzmxxfdiy5cih1nly05aq-rustup-1.28.2",
              "default": true
            }
          ],
          "store_path": "/nix/store/z151hcfq4djwzmxxfdiy5cih1nly05aq-rustup-1.28.2"
        },
        "aarch64-linux": {
          "outputs": [
            {
              "name": "out",
              "path": "/nix/store/l1bgj6d6p3n9868n91vhb8fvzj3l0n69-rustup-1.28.2",
              "default": true
            }
          ],
          "store_path": "/nix/store/l1bgj6d6p3n9868n91vhb8fvzj3l0n69-rustup-1.28.2"
        },
        "x86_64-darwin": {
          "outputs": [
            {
              "name": "out",
              "path": "/nix/store/3rczx3p8ayxam5xp1h1jpq3cwwrzpak4-rustup-1.28.2",
              "default": true
            }
          ],
          "store_path": "/nix/store/3rczx3p8ayxam5xp1h1jpq3cwwrzpak4-rustup-1.28.2"
        },
        "x86_64-linux": {
          "outputs": [
            {
              "name": "out",
              "path": "/nix/store/8bwaqs52z4830qljdx989b86lqjq5ah3-rustup-1.28.2",
              "default": true
            }
          ],
          "store_path": "/nix/store/8bwaqs52z4830qljdx989b86lqjq5ah3-rustup-1.28.2"
        }
      }
    }
  }
}
